
Microsoft Visual Studio Solution File, Format Version 12.00
# Visual Studio 14
VisualStudioVersion = 14.0.24720.0
MinimumVisualStudioVersion = 10.0.40219.1
Project("{FAE04EC0-301F-11D3-BF4B-00C04F79EFBC}") = "HeroesHelper", "HeroesHelper\HeroesHelper.csproj", "{63C4B6B1-015D-4C55-A9F8-B21CE8A42B8F}"
EndProject
Project("{2150E333-8FDC-42A3-9474-1A3956D46DE8}") = "Solution Items", "Solution Items", "{F363C4E4-4930-4F4F-A141-CDEEDB2381BB}"
	ProjectSection(SolutionItems) = preProject
		README.md = README.md
	EndProjectSection
EndProject
Global
	GlobalSection(SolutionConfigurationPlatforms) = preSolution
		Debug|Any CPU = Debug|Any CPU
		Release|Any CPU = Release|Any CPU
	EndGlobalSection
	GlobalSection(ProjectConfigurationPlatforms) = postSolution
		{63C4B6B1-015D-4C55-A9F8-B21CE8A42B8F}.Debug|Any CPU.ActiveCfg = Debug|Any CPU
		{63C4B6B1-015D-4C55-A9F8-B21CE8A42B8F}.Debug|Any CPU.Build.0 = Debug|Any CPU
		{63C4B6B1-015D-4C55-A9F8-B21CE8A42B8F}.Release|Any CPU.ActiveCfg = Release|Any CPU
		{63C4B6B1-015D-4C55-A9F8-B21CE8A42B8F}.Release|Any CPU.Build.0 = Release|Any CPU
	EndGlobalSection
	GlobalSection(SolutionProperties) = preSolution
		HideSolutionNode = FALSE
	EndGlobalSection
EndGlobal
